
Microsoft Visual Studio Solution File, Format Version 12.00
# Visual Studio Version 16
VisualStudioVersion = 16.0.30717.126
MinimumVisualStudioVersion = 10.0.40219.1
Project("{FAE04EC0-301F-11D3-BF4B-00C04F79EFBC}") = "AdventOfCode3", "AdventOfCode3\AdventOfCode3.csproj", "{63A77485-2FE3-42AC-AE9D-AA85DB208009}"
EndProject
Global
	GlobalSection(SolutionConfigurationPlatforms) = preSolution
		Debug|Any CPU = Debug|Any CPU
		Release|Any CPU = Release|Any CPU
	EndGlobalSection
	GlobalSection(ProjectConfigurationPlatforms) = postSolution
		{63A77485-2FE3-42AC-AE9D-AA85DB208009}.Debug|Any CPU.ActiveCfg = Debug|Any CPU
		{63A77485-2FE3-42AC-AE9D-AA85DB208009}.Debug|Any CPU.Build.0 = Debug|Any CPU
		{63A77485-2FE3-42AC-AE9D-AA85DB208009}.Release|Any CPU.ActiveCfg = Release|Any CPU
		{63A77485-2FE3-42AC-AE9D-AA85DB208009}.Release|Any CPU.Build.0 = Release|Any CPU
	EndGlobalSection
	GlobalSection(SolutionProperties) = preSolution
		HideSolutionNode = FALSE
	EndGlobalSection
	GlobalSection(ExtensibilityGlobals) = postSolution
		SolutionGuid = {715FCAF5-D314-40AC-9AC3-938636202C09}
	EndGlobalSection
EndGlobal
